
Microsoft Visual Studio Solution File, Format Version 12.00
# Visual Studio Version 16
VisualStudioVersion = 16.0.31019.35
MinimumVisualStudioVersion = 10.0.40219.1
Project("{FAE04EC0-301F-11D3-BF4B-00C04F79EFBC}") = "Nikolai Website", "Nikolai Website\Nikolai Website.csproj", "{596C0AEE-D20C-4B27-976A-27A007CAA7D4}"
EndProject
Global
	GlobalSection(SolutionConfigurationPlatforms) = preSolution
		Debug|Any CPU = Debug|Any CPU
		Release|Any CPU = Release|Any CPU
	EndGlobalSection
	GlobalSection(ProjectConfigurationPlatforms) = postSolution
		{596C0AEE-D20C-4B27-976A-27A007CAA7D4}.Debug|Any CPU.ActiveCfg = Debug|Any CPU
		{596C0AEE-D20C-4B27-976A-27A007CAA7D4}.Debug|Any CPU.Build.0 = Debug|Any CPU
		{596C0AEE-D20C-4B27-976A-27A007CAA7D4}.Release|Any CPU.ActiveCfg = Release|Any CPU
		{596C0AEE-D20C-4B27-976A-27A007CAA7D4}.Release|Any CPU.Build.0 = Release|Any CPU
	EndGlobalSection
	GlobalSection(SolutionProperties) = preSolution
		HideSolutionNode = FALSE
	EndGlobalSection
	GlobalSection(ExtensibilityGlobals) = postSolution
		SolutionGuid = {654B6573-F2EC-420E-A542-2334A17E1808}
	EndGlobalSection
EndGlobal
